// !$*UTF8*$!
{
	archiveVersion = 1;
	classes = {
	};
	objectVersion = 56;
	objects = {

/* Begin PBXBuildFile section */
		DF0D6EE629C329AD0031DB04 /* AppDelegate.swift in Sources */ = {isa = PBXBuildFile; fileRef = DF0D6EE529C329AD0031DB04 /* AppDelegate.swift */; };
		DF0D6EEA29C329AD0031DB04 /* RootViewController.swift in Sources */ = {isa = PBXBuildFile; fileRef = DF0D6EE929C329AD0031DB04 /* RootViewController.swift */; };
		DF0D6EEF29C329AE0031DB04 /* Assets.xcassets in Resources */ = {isa = PBXBuildFile; fileRef = DF0D6EEE29C329AE0031DB04 /* Assets.xcassets */; };
		DF0D6EF229C329AE0031DB04 /* LaunchScreen.storyboard in Resources */ = {isa = PBXBuildFile; fileRef = DF0D6EF029C329AE0031DB04 /* LaunchScreen.storyboard */; };
		DF0D6EFD29C329AE0031DB04 /* SpeedCubingTimerTests.swift in Sources */ = {isa = PBXBuildFile; fileRef = DF0D6EFC29C329AE0031DB04 /* SpeedCubingTimerTests.swift */; };
		DF0D6F0729C329AE0031DB04 /* SpeedCubingTimerUITests.swift in Sources */ = {isa = PBXBuildFile; fileRef = DF0D6F0629C329AE0031DB04 /* SpeedCubingTimerUITests.swift */; };
		DF0D6F0929C329AE0031DB04 /* SpeedCubingTimerUITestsLaunchTests.swift in Sources */ = {isa = PBXBuildFile; fileRef = DF0D6F0829C329AE0031DB04 /* SpeedCubingTimerUITestsLaunchTests.swift */; };
		DF0D6F1629C349DA0031DB04 /* TimerView.swift in Sources */ = {isa = PBXBuildFile; fileRef = DF0D6F1529C349DA0031DB04 /* TimerView.swift */; };
		DF0D6F1829C34A4A0031DB04 /* SolvesView.swift in Sources */ = {isa = PBXBuildFile; fileRef = DF0D6F1729C34A4A0031DB04 /* SolvesView.swift */; };
		DF0D6F1D29C34BF40031DB04 /* TimerViewController.swift in Sources */ = {isa = PBXBuildFile; fileRef = DF0D6F1C29C34BF40031DB04 /* TimerViewController.swift */; };
		DF0D6F2029C350450031DB04 /* UIViewController.swift in Sources */ = {isa = PBXBuildFile; fileRef = DF0D6F1F29C350450031DB04 /* UIViewController.swift */; };
		DF0D6F2229C353E80031DB04 /* SolvesViewController.swift in Sources */ = {isa = PBXBuildFile; fileRef = DF0D6F2129C353E80031DB04 /* SolvesViewController.swift */; };
		DF0D6F2529C358720031DB04 /* StatisticsView.swift in Sources */ = {isa = PBXBuildFile; fileRef = DF0D6F2429C358720031DB04 /* StatisticsView.swift */; };
		DF0D6F2729C359C70031DB04 /* StatisticsViewController.swift in Sources */ = {isa = PBXBuildFile; fileRef = DF0D6F2629C359C70031DB04 /* StatisticsViewController.swift */; };
		DF0D6F2A29C363410031DB04 /* SettingsView.swift in Sources */ = {isa = PBXBuildFile; fileRef = DF0D6F2929C363410031DB04 /* SettingsView.swift */; };
		DF0D6F2C29C364380031DB04 /* SettingsViewController.swift in Sources */ = {isa = PBXBuildFile; fileRef = DF0D6F2B29C364380031DB04 /* SettingsViewController.swift */; };
		DF0D6F2E29C368F10031DB04 /* TimerViewModel.swift in Sources */ = {isa = PBXBuildFile; fileRef = DF0D6F2D29C368F10031DB04 /* TimerViewModel.swift */; };
		DF0D6F3029C386BE0031DB04 /* ScrambleGenerator.swift in Sources */ = {isa = PBXBuildFile; fileRef = DF0D6F2F29C386BD0031DB04 /* ScrambleGenerator.swift */; };
		DF0D6F3329C38F070031DB04 /* Solve.swift in Sources */ = {isa = PBXBuildFile; fileRef = DF0D6F3229C38F070031DB04 /* Solve.swift */; };
		DF2654B12A31B51300D0E211 /* SolveDetailView.swift in Sources */ = {isa = PBXBuildFile; fileRef = DF2654B02A31B51300D0E211 /* SolveDetailView.swift */; };
		DF2654B42A31B71F00D0E211 /* TimeFormatters.swift in Sources */ = {isa = PBXBuildFile; fileRef = DF2654B32A31B71F00D0E211 /* TimeFormatters.swift */; };
		DF2654B92A32020300D0E211 /* SolveDetailViewController.swift in Sources */ = {isa = PBXBuildFile; fileRef = DF2654B82A32020300D0E211 /* SolveDetailViewController.swift */; };
		DF2654BC2A323A2E00D0E211 /* ChartView.swift in Sources */ = {isa = PBXBuildFile; fileRef = DF2654BB2A323A2E00D0E211 /* ChartView.swift */; };
		DF2654BE2A3253F800D0E211 /* Color.swift in Sources */ = {isa = PBXBuildFile; fileRef = DF2654BD2A3253F800D0E211 /* Color.swift */; };
		DF2654C02A3266B300D0E211 /* StatisticsViewModel.swift in Sources */ = {isa = PBXBuildFile; fileRef = DF2654BF2A3266B300D0E211 /* StatisticsViewModel.swift */; };
		DF3359F629DE0288000490D2 /* FullwidthButton.swift in Sources */ = {isa = PBXBuildFile; fileRef = DF3359F529DE0288000490D2 /* FullwidthButton.swift */; };
/* End PBXBuildFile section */

/* Begin PBXContainerItemProxy section */
		DF0D6EF929C329AE0031DB04 /* PBXContainerItemProxy */ = {
			isa = PBXContainerItemProxy;
			containerPortal = DF0D6EDA29C329AD0031DB04 /* Project object */;
			proxyType = 1;
			remoteGlobalIDString = DF0D6EE129C329AD0031DB04;
			remoteInfo = SpeedCubingTimer;
		};
		DF0D6F0329C329AE0031DB04 /* PBXContainerItemProxy */ = {
			isa = PBXContainerItemProxy;
			containerPortal = DF0D6EDA29C329AD0031DB04 /* Project object */;
			proxyType = 1;
			remoteGlobalIDString = DF0D6EE129C329AD0031DB04;
			remoteInfo = SpeedCubingTimer;
		};
/* End PBXContainerItemProxy section */

/* Begin PBXFileReference section */
		DF0D6EE229C329AD0031DB04 /* SpeedCubingTimer.app */ = {isa = PBXFileReference; explicitFileType = wrapper.application; includeInIndex = 0; path = SpeedCubingTimer.app; sourceTree = BUILT_PRODUCTS_DIR; };
		DF0D6EE529C329AD0031DB04 /* AppDelegate.swift */ = {isa = PBXFileReference; lastKnownFileType = sourcecode.swift; path = AppDelegate.swift; sourceTree = "<group>"; };
		DF0D6EE929C329AD0031DB04 /* RootViewController.swift */ = {isa = PBXFileReference; lastKnownFileType = sourcecode.swift; path = RootViewController.swift; sourceTree = "<group>"; };
		DF0D6EEE29C329AE0031DB04 /* Assets.xcassets */ = {isa = PBXFileReference; lastKnownFileType = folder.assetcatalog; path = Assets.xcassets; sourceTree = "<group>"; };
		DF0D6EF129C329AE0031DB04 /* Base */ = {isa = PBXFileReference; lastKnownFileType = file.storyboard; name = Base; path = Base.lproj/LaunchScreen.storyboard; sourceTree = "<group>"; };
		DF0D6EF329C329AE0031DB04 /* Info.plist */ = {isa = PBXFileReference; lastKnownFileType = text.plist.xml; path = Info.plist; sourceTree = "<group>"; };
		DF0D6EF829C329AE0031DB04 /* SpeedCubingTimerTests.xctest */ = {isa = PBXFileReference; explicitFileType = wrapper.cfbundle; includeInIndex = 0; path = SpeedCubingTimerTests.xctest; sourceTree = BUILT_PRODUCTS_DIR; };
		DF0D6EFC29C329AE0031DB04 /* SpeedCubingTimerTests.swift */ = {isa = PBXFileReference; lastKnownFileType = sourcecode.swift; path = SpeedCubingTimerTests.swift; sourceTree = "<group>"; };
		DF0D6F0229C329AE0031DB04 /* SpeedCubingTimerUITests.xctest */ = {isa = PBXFileReference; explicitFileType = wrapper.cfbundle; includeInIndex = 0; path = SpeedCubingTimerUITests.xctest; sourceTree = BUILT_PRODUCTS_DIR; };
		DF0D6F0629C329AE0031DB04 /* SpeedCubingTimerUITests.swift */ = {isa = PBXFileReference; lastKnownFileType = sourcecode.swift; path = SpeedCubingTimerUITests.swift; sourceTree = "<group>"; };
		DF0D6F0829C329AE0031DB04 /* SpeedCubingTimerUITestsLaunchTests.swift */ = {isa = PBXFileReference; lastKnownFileType = sourcecode.swift; path = SpeedCubingTimerUITestsLaunchTests.swift; sourceTree = "<group>"; };
		DF0D6F1529C349DA0031DB04 /* TimerView.swift */ = {isa = PBXFileReference; lastKnownFileType = sourcecode.swift; path = TimerView.swift; sourceTree = "<group>"; };
		DF0D6F1729C34A4A0031DB04 /* SolvesView.swift */ = {isa = PBXFileReference; lastKnownFileType = sourcecode.swift; path = SolvesView.swift; sourceTree = "<group>"; };
		DF0D6F1C29C34BF40031DB04 /* TimerViewController.swift */ = {isa = PBXFileReference; lastKnownFileType = sourcecode.swift; path = TimerViewController.swift; sourceTree = "<group>"; };
		DF0D6F1F29C350450031DB04 /* UIViewController.swift */ = {isa = PBXFileReference; lastKnownFileType = sourcecode.swift; path = UIViewController.swift; sourceTree = "<group>"; };
		DF0D6F2129C353E80031DB04 /* SolvesViewController.swift */ = {isa = PBXFileReference; lastKnownFileType = sourcecode.swift; path = SolvesViewController.swift; sourceTree = "<group>"; };
		DF0D6F2429C358720031DB04 /* StatisticsView.swift */ = {isa = PBXFileReference; lastKnownFileType = sourcecode.swift; path = StatisticsView.swift; sourceTree = "<group>"; };
		DF0D6F2629C359C70031DB04 /* StatisticsViewController.swift */ = {isa = PBXFileReference; lastKnownFileType = sourcecode.swift; path = StatisticsViewController.swift; sourceTree = "<group>"; };
		DF0D6F2929C363410031DB04 /* SettingsView.swift */ = {isa = PBXFileReference; lastKnownFileType = sourcecode.swift; path = SettingsView.swift; sourceTree = "<group>"; };
		DF0D6F2B29C364380031DB04 /* SettingsViewController.swift */ = {isa = PBXFileReference; lastKnownFileType = sourcecode.swift; path = SettingsViewController.swift; sourceTree = "<group>"; };
		DF0D6F2D29C368F10031DB04 /* TimerViewModel.swift */ = {isa = PBXFileReference; lastKnownFileType = sourcecode.swift; path = TimerViewModel.swift; sourceTree = "<group>"; };
		DF0D6F2F29C386BD0031DB04 /* ScrambleGenerator.swift */ = {isa = PBXFileReference; lastKnownFileType = sourcecode.swift; path = ScrambleGenerator.swift; sourceTree = "<group>"; };
		DF0D6F3229C38F070031DB04 /* Solve.swift */ = {isa = PBXFileReference; lastKnownFileType = sourcecode.swift; path = Solve.swift; sourceTree = "<group>"; };
		DF2654B02A31B51300D0E211 /* SolveDetailView.swift */ = {isa = PBXFileReference; lastKnownFileType = sourcecode.swift; path = SolveDetailView.swift; sourceTree = "<group>"; };
		DF2654B32A31B71F00D0E211 /* TimeFormatters.swift */ = {isa = PBXFileReference; lastKnownFileType = sourcecode.swift; path = TimeFormatters.swift; sourceTree = "<group>"; };
		DF2654B82A32020300D0E211 /* SolveDetailViewController.swift */ = {isa = PBXFileReference; lastKnownFileType = sourcecode.swift; path = SolveDetailViewController.swift; sourceTree = "<group>"; };
		DF2654BB2A323A2E00D0E211 /* ChartView.swift */ = {isa = PBXFileReference; lastKnownFileType = sourcecode.swift; path = ChartView.swift; sourceTree = "<group>"; };
		DF2654BD2A3253F800D0E211 /* Color.swift */ = {isa = PBXFileReference; lastKnownFileType = sourcecode.swift; path = Color.swift; sourceTree = "<group>"; };
		DF2654BF2A3266B300D0E211 /* StatisticsViewModel.swift */ = {isa = PBXFileReference; lastKnownFileType = sourcecode.swift; path = StatisticsViewModel.swift; sourceTree = "<group>"; };
		DF3359F529DE0288000490D2 /* FullwidthButton.swift */ = {isa = PBXFileReference; lastKnownFileType = sourcecode.swift; path = FullwidthButton.swift; sourceTree = "<group>"; };
/* End PBXFileReference section */

/* Begin PBXFrameworksBuildPhase section */
		DF0D6EDF29C329AD0031DB04 /* Frameworks */ = {
			isa = PBXFrameworksBuildPhase;
			buildActionMask = 2147483647;
			files = (
			);
			runOnlyForDeploymentPostprocessing = 0;
		};
		DF0D6EF529C329AE0031DB04 /* Frameworks */ = {
			isa = PBXFrameworksBuildPhase;
			buildActionMask = 2147483647;
			files = (
			);
			runOnlyForDeploymentPostprocessing = 0;
		};
		DF0D6EFF29C329AE0031DB04 /* Frameworks */ = {
			isa = PBXFrameworksBuildPhase;
			buildActionMask = 2147483647;
			files = (
			);
			runOnlyForDeploymentPostprocessing = 0;
		};
/* End PBXFrameworksBuildPhase section */

/* Begin PBXGroup section */
		DF0D6ED929C329AD0031DB04 = {
			isa = PBXGroup;
			children = (
				DF0D6EE429C329AD0031DB04 /* SpeedCubingTimer */,
				DF0D6EFB29C329AE0031DB04 /* SpeedCubingTimerTests */,
				DF0D6F0529C329AE0031DB04 /* SpeedCubingTimerUITests */,
				DF0D6EE329C329AD0031DB04 /* Products */,
			);
			sourceTree = "<group>";
		};
		DF0D6EE329C329AD0031DB04 /* Products */ = {
			isa = PBXGroup;
			children = (
				DF0D6EE229C329AD0031DB04 /* SpeedCubingTimer.app */,
				DF0D6EF829C329AE0031DB04 /* SpeedCubingTimerTests.xctest */,
				DF0D6F0229C329AE0031DB04 /* SpeedCubingTimerUITests.xctest */,
			);
			name = Products;
			sourceTree = "<group>";
		};
		DF0D6EE429C329AD0031DB04 /* SpeedCubingTimer */ = {
			isa = PBXGroup;
			children = (
				DF0D6EE529C329AD0031DB04 /* AppDelegate.swift */,
				DF0D6EE929C329AD0031DB04 /* RootViewController.swift */,
				DF2654B22A31B70D00D0E211 /* Utils */,
				DF0D6F3129C38EE60031DB04 /* Models */,
				DF0D6F1E29C350250031DB04 /* Extensions */,
				DF3359F429DE0267000490D2 /* Components */,
				DF0D6F1929C34AD20031DB04 /* Features */,
				DF0D6EEE29C329AE0031DB04 /* Assets.xcassets */,
				DF0D6EF029C329AE0031DB04 /* LaunchScreen.storyboard */,
				DF0D6EF329C329AE0031DB04 /* Info.plist */,
			);
			path = SpeedCubingTimer;
			sourceTree = "<group>";
		};
		DF0D6EFB29C329AE0031DB04 /* SpeedCubingTimerTests */ = {
			isa = PBXGroup;
			children = (
				DF0D6EFC29C329AE0031DB04 /* SpeedCubingTimerTests.swift */,
			);
			path = SpeedCubingTimerTests;
			sourceTree = "<group>";
		};
		DF0D6F0529C329AE0031DB04 /* SpeedCubingTimerUITests */ = {
			isa = PBXGroup;
			children = (
				DF0D6F0629C329AE0031DB04 /* SpeedCubingTimerUITests.swift */,
				DF0D6F0829C329AE0031DB04 /* SpeedCubingTimerUITestsLaunchTests.swift */,
			);
			path = SpeedCubingTimerUITests;
			sourceTree = "<group>";
		};
		DF0D6F1929C34AD20031DB04 /* Features */ = {
			isa = PBXGroup;
			children = (
				DF0D6F1A29C34B480031DB04 /* Timer */,
				DF0D6F1B29C34B560031DB04 /* Solves */,
				DF2654B52A31E5AC00D0E211 /* SolveDetail */,
				DF0D6F2329C3584C0031DB04 /* Statistics */,
				DF0D6F2829C363220031DB04 /* Settings */,
			);
			path = Features;
			sourceTree = "<group>";
		};
		DF0D6F1A29C34B480031DB04 /* Timer */ = {
			isa = PBXGroup;
			children = (
				DF0D6F1529C349DA0031DB04 /* TimerView.swift */,
				DF0D6F1C29C34BF40031DB04 /* TimerViewController.swift */,
				DF0D6F2D29C368F10031DB04 /* TimerViewModel.swift */,
				DF0D6F2F29C386BD0031DB04 /* ScrambleGenerator.swift */,
			);
			path = Timer;
			sourceTree = "<group>";
		};
		DF0D6F1B29C34B560031DB04 /* Solves */ = {
			isa = PBXGroup;
			children = (
				DF0D6F1729C34A4A0031DB04 /* SolvesView.swift */,
				DF0D6F2129C353E80031DB04 /* SolvesViewController.swift */,
			);
			path = Solves;
			sourceTree = "<group>";
		};
		DF0D6F1E29C350250031DB04 /* Extensions */ = {
			isa = PBXGroup;
			children = (
				DF0D6F1F29C350450031DB04 /* UIViewController.swift */,
				DF2654BD2A3253F800D0E211 /* Color.swift */,
			);
			path = Extensions;
			sourceTree = "<group>";
		};
		DF0D6F2329C3584C0031DB04 /* Statistics */ = {
			isa = PBXGroup;
			children = (
				DF0D6F2429C358720031DB04 /* StatisticsView.swift */,
				DF0D6F2629C359C70031DB04 /* StatisticsViewController.swift */,
				DF2654BB2A323A2E00D0E211 /* ChartView.swift */,
				DF2654BF2A3266B300D0E211 /* StatisticsViewModel.swift */,
			);
			path = Statistics;
			sourceTree = "<group>";
		};
		DF0D6F2829C363220031DB04 /* Settings */ = {
			isa = PBXGroup;
			children = (
				DF0D6F2929C363410031DB04 /* SettingsView.swift */,
				DF0D6F2B29C364380031DB04 /* SettingsViewController.swift */,
			);
			path = Settings;
			sourceTree = "<group>";
		};
		DF0D6F3129C38EE60031DB04 /* Models */ = {
			isa = PBXGroup;
			children = (
				DF0D6F3229C38F070031DB04 /* Solve.swift */,
			);
			path = Models;
			sourceTree = "<group>";
		};
		DF2654B22A31B70D00D0E211 /* Utils */ = {
			isa = PBXGroup;
			children = (
				DF2654B32A31B71F00D0E211 /* TimeFormatters.swift */,
			);
			path = Utils;
			sourceTree = "<group>";
		};
		DF2654B52A31E5AC00D0E211 /* SolveDetail */ = {
			isa = PBXGroup;
			children = (
				DF2654B02A31B51300D0E211 /* SolveDetailView.swift */,
				DF2654B82A32020300D0E211 /* SolveDetailViewController.swift */,
			);
			path = SolveDetail;
			sourceTree = "<group>";
		};
		DF3359F429DE0267000490D2 /* Components */ = {
			isa = PBXGroup;
			children = (
				DF3359F529DE0288000490D2 /* FullwidthButton.swift */,
			);
			path = Components;
			sourceTree = "<group>";
		};
/* End PBXGroup section */

/* Begin PBXNativeTarget section */
		DF0D6EE129C329AD0031DB04 /* SpeedCubingTimer */ = {
			isa = PBXNativeTarget;
			buildConfigurationList = DF0D6F0C29C329AE0031DB04 /* Build configuration list for PBXNativeTarget "SpeedCubingTimer" */;
			buildPhases = (
				DF0D6EDE29C329AD0031DB04 /* Sources */,
				DF0D6EDF29C329AD0031DB04 /* Frameworks */,
				DF0D6EE029C329AD0031DB04 /* Resources */,
			);
			buildRules = (
			);
			dependencies = (
			);
			name = SpeedCubingTimer;
			productName = SpeedCubingTimer;
			productReference = DF0D6EE229C329AD0031DB04 /* SpeedCubingTimer.app */;
			productType = "com.apple.product-type.application";
		};
		DF0D6EF729C329AE0031DB04 /* SpeedCubingTimerTests */ = {
			isa = PBXNativeTarget;
			buildConfigurationList = DF0D6F0F29C329AE0031DB04 /* Build configuration list for PBXNativeTarget "SpeedCubingTimerTests" */;
			buildPhases = (
				DF0D6EF429C329AE0031DB04 /* Sources */,
				DF0D6EF529C329AE0031DB04 /* Frameworks */,
				DF0D6EF629C329AE0031DB04 /* Resources */,
			);
			buildRules = (
			);
			dependencies = (
				DF0D6EFA29C329AE0031DB04 /* PBXTargetDependency */,
			);
			name = SpeedCubingTimerTests;
			productName = SpeedCubingTimerTests;
			productReference = DF0D6EF829C329AE0031DB04 /* SpeedCubingTimerTests.xctest */;
			productType = "com.apple.product-type.bundle.unit-test";
		};
		DF0D6F0129C329AE0031DB04 /* SpeedCubingTimerUITests */ = {
			isa = PBXNativeTarget;
			buildConfigurationList = DF0D6F1229C329AE0031DB04 /* Build configuration list for PBXNativeTarget "SpeedCubingTimerUITests" */;
			buildPhases = (
				DF0D6EFE29C329AE0031DB04 /* Sources */,
				DF0D6EFF29C329AE0031DB04 /* Frameworks */,
				DF0D6F0029C329AE0031DB04 /* Resources */,
			);
			buildRules = (
			);
			dependencies = (
				DF0D6F0429C329AE0031DB04 /* PBXTargetDependency */,
			);
			name = SpeedCubingTimerUITests;
			productName = SpeedCubingTimerUITests;
			productReference = DF0D6F0229C329AE0031DB04 /* SpeedCubingTimerUITests.xctest */;
			productType = "com.apple.product-type.bundle.ui-testing";
		};
/* End PBXNativeTarget section */

/* Begin PBXProject section */
		DF0D6EDA29C329AD0031DB04 /* Project object */ = {
			isa = PBXProject;
			attributes = {
				BuildIndependentTargetsInParallel = 1;
				LastSwiftUpdateCheck = 1420;
				LastUpgradeCheck = 1420;
				TargetAttributes = {
					DF0D6EE129C329AD0031DB04 = {
						CreatedOnToolsVersion = 14.2;
					};
					DF0D6EF729C329AE0031DB04 = {
						CreatedOnToolsVersion = 14.2;
						TestTargetID = DF0D6EE129C329AD0031DB04;
					};
					DF0D6F0129C329AE0031DB04 = {
						CreatedOnToolsVersion = 14.2;
						TestTargetID = DF0D6EE129C329AD0031DB04;
					};
				};
			};
			buildConfigurationList = DF0D6EDD29C329AD0031DB04 /* Build configuration list for PBXProject "SpeedCubingTimer" */;
			compatibilityVersion = "Xcode 14.0";
			developmentRegion = en;
			hasScannedForEncodings = 0;
			knownRegions = (
				en,
				Base,
			);
			mainGroup = DF0D6ED929C329AD0031DB04;
			productRefGroup = DF0D6EE329C329AD0031DB04 /* Products */;
			projectDirPath = "";
			projectRoot = "";
			targets = (
				DF0D6EE129C329AD0031DB04 /* SpeedCubingTimer */,
				DF0D6EF729C329AE0031DB04 /* SpeedCubingTimerTests */,
				DF0D6F0129C329AE0031DB04 /* SpeedCubingTimerUITests */,
			);
		};
/* End PBXProject section */

/* Begin PBXResourcesBuildPhase section */
		DF0D6EE029C329AD0031DB04 /* Resources */ = {
			isa = PBXResourcesBuildPhase;
			buildActionMask = 2147483647;
			files = (
				DF0D6EF229C329AE0031DB04 /* LaunchScreen.storyboard in Resources */,
				DF0D6EEF29C329AE0031DB04 /* Assets.xcassets in Resources */,
			);
			runOnlyForDeploymentPostprocessing = 0;
		};
		DF0D6EF629C329AE0031DB04 /* Resources */ = {
			isa = PBXResourcesBuildPhase;
			buildActionMask = 2147483647;
			files = (
			);
			runOnlyForDeploymentPostprocessing = 0;
		};
		DF0D6F0029C329AE0031DB04 /* Resources */ = {
			isa = PBXResourcesBuildPhase;
			buildActionMask = 2147483647;
			files = (
			);
			runOnlyForDeploymentPostprocessing = 0;
		};
/* End PBXResourcesBuildPhase section */

/* Begin PBXSourcesBuildPhase section */
		DF0D6EDE29C329AD0031DB04 /* Sources */ = {
			isa = PBXSourcesBuildPhase;
			buildActionMask = 2147483647;
			files = (
				DF2654B92A32020300D0E211 /* SolveDetailViewController.swift in Sources */,
				DF0D6F1D29C34BF40031DB04 /* TimerViewController.swift in Sources */,
				DF2654B12A31B51300D0E211 /* SolveDetailView.swift in Sources */,
				DF0D6F1629C349DA0031DB04 /* TimerView.swift in Sources */,
				DF0D6F2C29C364380031DB04 /* SettingsViewController.swift in Sources */,
				DF0D6F2029C350450031DB04 /* UIViewController.swift in Sources */,
				DF0D6F2E29C368F10031DB04 /* TimerViewModel.swift in Sources */,
				DF0D6EEA29C329AD0031DB04 /* RootViewController.swift in Sources */,
				DF0D6F1829C34A4A0031DB04 /* SolvesView.swift in Sources */,
				DF0D6F2A29C363410031DB04 /* SettingsView.swift in Sources */,
				DF2654BC2A323A2E00D0E211 /* ChartView.swift in Sources */,
				DF0D6F2529C358720031DB04 /* StatisticsView.swift in Sources */,
				DF0D6F2729C359C70031DB04 /* StatisticsViewController.swift in Sources */,
				DF2654BE2A3253F800D0E211 /* Color.swift in Sources */,
				DF0D6F3029C386BE0031DB04 /* ScrambleGenerator.swift in Sources */,
				DF0D6F2229C353E80031DB04 /* SolvesViewController.swift in Sources */,
				DF0D6EE629C329AD0031DB04 /* AppDelegate.swift in Sources */,
				DF2654C02A3266B300D0E211 /* StatisticsViewModel.swift in Sources */,
				DF2654B42A31B71F00D0E211 /* TimeFormatters.swift in Sources */,
				DF0D6F3329C38F070031DB04 /* Solve.swift in Sources */,
				DF3359F629DE0288000490D2 /* FullwidthButton.swift in Sources */,
			);
			runOnlyForDeploymentPostprocessing = 0;
		};
		DF0D6EF429C329AE0031DB04 /* Sources */ = {
			isa = PBXSourcesBuildPhase;
			buildActionMask = 2147483647;
			files = (
				DF0D6EFD29C329AE0031DB04 /* SpeedCubingTimerTests.swift in Sources */,
			);
			runOnlyForDeploymentPostprocessing = 0;
		};
		DF0D6EFE29C329AE0031DB04 /* Sources */ = {
			isa = PBXSourcesBuildPhase;
			buildActionMask = 2147483647;
			files = (
				DF0D6F0929C329AE0031DB04 /* SpeedCubingTimerUITestsLaunchTests.swift in Sources */,
				DF0D6F0729C329AE0031DB04 /* SpeedCubingTimerUITests.swift in Sources */,
			);
			runOnlyForDeploymentPostprocessing = 0;
		};
/* End PBXSourcesBuildPhase section */

/* Begin PBXTargetDependency section */
		DF0D6EFA29C329AE0031DB04 /* PBXTargetDependency */ = {
			isa = PBXTargetDependency;
			target = DF0D6EE129C329AD0031DB04 /* SpeedCubingTimer */;
			targetProxy = DF0D6EF929C329AE0031DB04 /* PBXContainerItemProxy */;
		};
		DF0D6F0429C329AE0031DB04 /* PBXTargetDependency */ = {
			isa = PBXTargetDependency;
			target = DF0D6EE129C329AD0031DB04 /* SpeedCubingTimer */;
			targetProxy = DF0D6F0329C329AE0031DB04 /* PBXContainerItemProxy */;
		};
/* End PBXTargetDependency section */

/* Begin PBXVariantGroup section */
		DF0D6EF029C329AE0031DB04 /* LaunchScreen.storyboard */ = {
			isa = PBXVariantGroup;
			children = (
				DF0D6EF129C329AE0031DB04 /* Base */,
			);
			name = LaunchScreen.storyboard;
			sourceTree = "<group>";
		};
/* End PBXVariantGroup section */

/* Begin XCBuildConfiguration section */
		DF0D6F0A29C329AE0031DB04 /* Debug */ = {
			isa = XCBuildConfiguration;
			buildSettings = {
				ALWAYS_SEARCH_USER_PATHS = NO;
				CLANG_ANALYZER_NONNULL = YES;
				CLANG_ANALYZER_NUMBER_OBJECT_CONVERSION = YES_AGGRESSIVE;
				CLANG_CXX_LANGUAGE_STANDARD = "gnu++20";
				CLANG_ENABLE_MODULES = YES;
				CLANG_ENABLE_OBJC_ARC = YES;
				CLANG_ENABLE_OBJC_WEAK = YES;
				CLANG_WARN_BLOCK_CAPTURE_AUTORELEASING = YES;
				CLANG_WARN_BOOL_CONVERSION = YES;
				CLANG_WARN_COMMA = YES;
				CLANG_WARN_CONSTANT_CONVERSION = YES;
				CLANG_WARN_DEPRECATED_OBJC_IMPLEMENTATIONS = YES;
				CLANG_WARN_DIRECT_OBJC_ISA_USAGE = YES_ERROR;
				CLANG_WARN_DOCUMENTATION_COMMENTS = YES;
				CLANG_WARN_EMPTY_BODY = YES;
				CLANG_WARN_ENUM_CONVERSION = YES;
				CLANG_WARN_INFINITE_RECURSION = YES;
				CLANG_WARN_INT_CONVERSION = YES;
				CLANG_WARN_NON_LITERAL_NULL_CONVERSION = YES;
				CLANG_WARN_OBJC_IMPLICIT_RETAIN_SELF = YES;
				CLANG_WARN_OBJC_LITERAL_CONVERSION = YES;
				CLANG_WARN_OBJC_ROOT_CLASS = YES_ERROR;
				CLANG_WARN_QUOTED_INCLUDE_IN_FRAMEWORK_HEADER = YES;
				CLANG_WARN_RANGE_LOOP_ANALYSIS = YES;
				CLANG_WARN_STRICT_PROTOTYPES = YES;
				CLANG_WARN_SUSPICIOUS_MOVE = YES;
				CLANG_WARN_UNGUARDED_AVAILABILITY = YES_AGGRESSIVE;
				CLANG_WARN_UNREACHABLE_CODE = YES;
				CLANG_WARN__DUPLICATE_METHOD_MATCH = YES;
				COPY_PHASE_STRIP = NO;
				DEBUG_INFORMATION_FORMAT = dwarf;
				ENABLE_STRICT_OBJC_MSGSEND = YES;
				ENABLE_TESTABILITY = YES;
				GCC_C_LANGUAGE_STANDARD = gnu11;
				GCC_DYNAMIC_NO_PIC = NO;
				GCC_NO_COMMON_BLOCKS = YES;
				GCC_OPTIMIZATION_LEVEL = 0;
				GCC_PREPROCESSOR_DEFINITIONS = (
					"DEBUG=1",
					"$(inherited)",
				);
				GCC_WARN_64_TO_32_BIT_CONVERSION = YES;
				GCC_WARN_ABOUT_RETURN_TYPE = YES_ERROR;
				GCC_WARN_UNDECLARED_SELECTOR = YES;
				GCC_WARN_UNINITIALIZED_AUTOS = YES_AGGRESSIVE;
				GCC_WARN_UNUSED_FUNCTION = YES;
				GCC_WARN_UNUSED_VARIABLE = YES;
				IPHONEOS_DEPLOYMENT_TARGET = 16.2;
				MTL_ENABLE_DEBUG_INFO = INCLUDE_SOURCE;
				MTL_FAST_MATH = YES;
				ONLY_ACTIVE_ARCH = YES;
				SDKROOT = iphoneos;
				SWIFT_ACTIVE_COMPILATION_CONDITIONS = DEBUG;
				SWIFT_OPTIMIZATION_LEVEL = "-Onone";
			};
			name = Debug;
		};
		DF0D6F0B29C329AE0031DB04 /* Release */ = {
			isa = XCBuildConfiguration;
			buildSettings = {
				ALWAYS_SEARCH_USER_PATHS = NO;
				CLANG_ANALYZER_NONNULL = YES;
				CLANG_ANALYZER_NUMBER_OBJECT_CONVERSION = YES_AGGRESSIVE;
				CLANG_CXX_LANGUAGE_STANDARD = "gnu++20";
				CLANG_ENABLE_MODULES = YES;
				CLANG_ENABLE_OBJC_ARC = YES;
				CLANG_ENABLE_OBJC_WEAK = YES;
				CLANG_WARN_BLOCK_CAPTURE_AUTORELEASING = YES;
				CLANG_WARN_BOOL_CONVERSION = YES;
				CLANG_WARN_COMMA = YES;
				CLANG_WARN_CONSTANT_CONVERSION = YES;
				CLANG_WARN_DEPRECATED_OBJC_IMPLEMENTATIONS = YES;
				CLANG_WARN_DIRECT_OBJC_ISA_USAGE = YES_ERROR;
				CLANG_WARN_DOCUMENTATION_COMMENTS = YES;
				CLANG_WARN_EMPTY_BODY = YES;
				CLANG_WARN_ENUM_CONVERSION = YES;
				CLANG_WARN_INFINITE_RECURSION = YES;
				CLANG_WARN_INT_CONVERSION = YES;
				CLANG_WARN_NON_LITERAL_NULL_CONVERSION = YES;
				CLANG_WARN_OBJC_IMPLICIT_RETAIN_SELF = YES;
				CLANG_WARN_OBJC_LITERAL_CONVERSION = YES;
				CLANG_WARN_OBJC_ROOT_CLASS = YES_ERROR;
				CLANG_WARN_QUOTED_INCLUDE_IN_FRAMEWORK_HEADER = YES;
				CLANG_WARN_RANGE_LOOP_ANALYSIS = YES;
				CLANG_WARN_STRICT_PROTOTYPES = YES;
				CLANG_WARN_SUSPICIOUS_MOVE = YES;
				CLANG_WARN_UNGUARDED_AVAILABILITY = YES_AGGRESSIVE;
				CLANG_WARN_UNREACHABLE_CODE = YES;
				CLANG_WARN__DUPLICATE_METHOD_MATCH = YES;
				COPY_PHASE_STRIP = NO;
				DEBUG_INFORMATION_FORMAT = "dwarf-with-dsym";
				ENABLE_NS_ASSERTIONS = NO;
				ENABLE_STRICT_OBJC_MSGSEND = YES;
				GCC_C_LANGUAGE_STANDARD = gnu11;
				GCC_NO_COMMON_BLOCKS = YES;
				GCC_WARN_64_TO_32_BIT_CONVERSION = YES;
				GCC_WARN_ABOUT_RETURN_TYPE = YES_ERROR;
				GCC_WARN_UNDECLARED_SELECTOR = YES;
				GCC_WARN_UNINITIALIZED_AUTOS = YES_AGGRESSIVE;
				GCC_WARN_UNUSED_FUNCTION = YES;
				GCC_WARN_UNUSED_VARIABLE = YES;
				IPHONEOS_DEPLOYMENT_TARGET = 16.2;
				MTL_ENABLE_DEBUG_INFO = NO;
				MTL_FAST_MATH = YES;
				SDKROOT = iphoneos;
				SWIFT_COMPILATION_MODE = wholemodule;
				SWIFT_OPTIMIZATION_LEVEL = "-O";
				VALIDATE_PRODUCT = YES;
			};
			name = Release;
		};
		DF0D6F0D29C329AE0031DB04 /* Debug */ = {
			isa = XCBuildConfiguration;
			buildSettings = {
				ASSETCATALOG_COMPILER_APPICON_NAME = AppIcon;
				ASSETCATALOG_COMPILER_GLOBAL_ACCENT_COLOR_NAME = AccentColor;
				CODE_SIGN_STYLE = Automatic;
				CURRENT_PROJECT_VERSION = 1;
				DEVELOPMENT_TEAM = S7CBC7Z8QU;
				GENERATE_INFOPLIST_FILE = YES;
				INFOPLIST_FILE = SpeedCubingTimer/Info.plist;
				INFOPLIST_KEY_UIApplicationSupportsIndirectInputEvents = YES;
				INFOPLIST_KEY_UILaunchStoryboardName = LaunchScreen;
				INFOPLIST_KEY_UISupportedInterfaceOrientations_iPad = "UIInterfaceOrientationPortrait UIInterfaceOrientationPortraitUpsideDown UIInterfaceOrientationLandscapeLeft UIInterfaceOrientationLandscapeRight";
				INFOPLIST_KEY_UISupportedInterfaceOrientations_iPhone = "UIInterfaceOrientationPortrait UIInterfaceOrientationLandscapeLeft UIInterfaceOrientationLandscapeRight";
				IPHONEOS_DEPLOYMENT_TARGET = 16.0;
				LD_RUNPATH_SEARCH_PATHS = (
					"$(inherited)",
					"@executable_path/Frameworks",
				);
				MARKETING_VERSION = 1.0;
				PRODUCT_BUNDLE_IDENTIFIER = babakjan.SpeedCubingTimer;
				PRODUCT_NAME = "$(TARGET_NAME)";
				SWIFT_EMIT_LOC_STRINGS = YES;
				SWIFT_VERSION = 5.0;
				TARGETED_DEVICE_FAMILY = "1,2";
			};
			name = Debug;
		};
		DF0D6F0E29C329AE0031DB04 /* Release */ = {
			isa = XCBuildConfiguration;
			buildSettings = {
				ASSETCATALOG_COMPILER_APPICON_NAME = AppIcon;
				ASSETCATALOG_COMPILER_GLOBAL_ACCENT_COLOR_NAME = AccentColor;
				CODE_SIGN_STYLE = Automatic;
				CURRENT_PROJECT_VERSION = 1;
				DEVELOPMENT_TEAM = S7CBC7Z8QU;
				GENERATE_INFOPLIST_FILE = YES;
				INFOPLIST_FILE = SpeedCubingTimer/Info.plist;
				INFOPLIST_KEY_UIApplicationSupportsIndirectInputEvents = YES;
				INFOPLIST_KEY_UILaunchStoryboardName = LaunchScreen;
				INFOPLIST_KEY_UISupportedInterfaceOrientations_iPad = "UIInterfaceOrientationPortrait UIInterfaceOrientationPortraitUpsideDown UIInterfaceOrientationLandscapeLeft UIInterfaceOrientationLandscapeRight";
				INFOPLIST_KEY_UISupportedInterfaceOrientations_iPhone = "UIInterfaceOrientationPortrait UIInterfaceOrientationLandscapeLeft UIInterfaceOrientationLandscapeRight";
				IPHONEOS_DEPLOYMENT_TARGET = 16.0;
				LD_RUNPATH_SEARCH_PATHS = (
					"$(inherited)",
					"@executable_path/Frameworks",
				);
				MARKETING_VERSION = 1.0;
				PRODUCT_BUNDLE_IDENTIFIER = babakjan.SpeedCubingTimer;
				PRODUCT_NAME = "$(TARGET_NAME)";
				SWIFT_EMIT_LOC_STRINGS = YES;
				SWIFT_VERSION = 5.0;
				TARGETED_DEVICE_FAMILY = "1,2";
			};
			name = Release;
		};
		DF0D6F1029C329AE0031DB04 /* Debug */ = {
			isa = XCBuildConfiguration;
			buildSettings = {
				ALWAYS_EMBED_SWIFT_STANDARD_LIBRARIES = YES;
				BUNDLE_LOADER = "$(TEST_HOST)";
				CODE_SIGN_STYLE = Automatic;
				CURRENT_PROJECT_VERSION = 1;
				GENERATE_INFOPLIST_FILE = YES;
				IPHONEOS_DEPLOYMENT_TARGET = 16.2;
				MARKETING_VERSION = 1.0;
				PRODUCT_BUNDLE_IDENTIFIER = babakjan.SpeedCubingTimerTests;
				PRODUCT_NAME = "$(TARGET_NAME)";
				SWIFT_EMIT_LOC_STRINGS = NO;
				SWIFT_VERSION = 5.0;
				TARGETED_DEVICE_FAMILY = "1,2";
				TEST_HOST = "$(BUILT_PRODUCTS_DIR)/SpeedCubingTimer.app/$(BUNDLE_EXECUTABLE_FOLDER_PATH)/SpeedCubingTimer";
			};
			name = Debug;
		};
		DF0D6F1129C329AE0031DB04 /* Release */ = {
			isa = XCBuildConfiguration;
			buildSettings = {
				ALWAYS_EMBED_SWIFT_STANDARD_LIBRARIES = YES;
				BUNDLE_LOADER = "$(TEST_HOST)";
				CODE_SIGN_STYLE = Automatic;
				CURRENT_PROJECT_VERSION = 1;
				GENERATE_INFOPLIST_FILE = YES;
				IPHONEOS_DEPLOYMENT_TARGET = 16.2;
				MARKETING_VERSION = 1.0;
				PRODUCT_BUNDLE_IDENTIFIER = babakjan.SpeedCubingTimerTests;
				PRODUCT_NAME = "$(TARGET_NAME)";
				SWIFT_EMIT_LOC_STRINGS = NO;
				SWIFT_VERSION = 5.0;
				TARGETED_DEVICE_FAMILY = "1,2";
				TEST_HOST = "$(BUILT_PRODUCTS_DIR)/SpeedCubingTimer.app/$(BUNDLE_EXECUTABLE_FOLDER_PATH)/SpeedCubingTimer";
			};
			name = Release;
		};
		DF0D6F1329C329AE0031DB04 /* Debug */ = {
			isa = XCBuildConfiguration;
			buildSettings = {
				ALWAYS_EMBED_SWIFT_STANDARD_LIBRARIES = YES;
				CODE_SIGN_STYLE = Automatic;
				CURRENT_PROJECT_VERSION = 1;
				GENERATE_INFOPLIST_FILE = YES;
				MARKETING_VERSION = 1.0;
				PRODUCT_BUNDLE_IDENTIFIER = babakjan.SpeedCubingTimerUITests;
				PRODUCT_NAME = "$(TARGET_NAME)";
				SWIFT_EMIT_LOC_STRINGS = NO;
				SWIFT_VERSION = 5.0;
				TARGETED_DEVICE_FAMILY = "1,2";
				TEST_TARGET_NAME = SpeedCubingTimer;
			};
			name = Debug;
		};
		DF0D6F1429C329AE0031DB04 /* Release */ = {
			isa = XCBuildConfiguration;
			buildSettings = {
				ALWAYS_EMBED_SWIFT_STANDARD_LIBRARIES = YES;
				CODE_SIGN_STYLE = Automatic;
				CURRENT_PROJECT_VERSION = 1;
				GENERATE_INFOPLIST_FILE = YES;
				MARKETING_VERSION = 1.0;
				PRODUCT_BUNDLE_IDENTIFIER = babakjan.SpeedCubingTimerUITests;
				PRODUCT_NAME = "$(TARGET_NAME)";
				SWIFT_EMIT_LOC_STRINGS = NO;
				SWIFT_VERSION = 5.0;
				TARGETED_DEVICE_FAMILY = "1,2";
				TEST_TARGET_NAME = SpeedCubingTimer;
			};
			name = Release;
		};
/* End XCBuildConfiguration section */

/* Begin XCConfigurationList section */
		DF0D6EDD29C329AD0031DB04 /* Build configuration list for PBXProject "SpeedCubingTimer" */ = {
			isa = XCConfigurationList;
			buildConfigurations = (
				DF0D6F0A29C329AE0031DB04 /* Debug */,
				DF0D6F0B29C329AE0031DB04 /* Release */,
			);
			defaultConfigurationIsVisible = 0;
			defaultConfigurationName = Release;
		};
		DF0D6F0C29C329AE0031DB04 /* Build configuration list for PBXNativeTarget "SpeedCubingTimer" */ = {
			isa = XCConfigurationList;
			buildConfigurations = (
				DF0D6F0D29C329AE0031DB04 /* Debug */,
				DF0D6F0E29C329AE0031DB04 /* Release */,
			);
			defaultConfigurationIsVisible = 0;
			defaultConfigurationName = Release;
		};
		DF0D6F0F29C329AE0031DB04 /* Build configuration list for PBXNativeTarget "SpeedCubingTimerTests" */ = {
			isa = XCConfigurationList;
			buildConfigurations = (
				DF0D6F1029C329AE0031DB04 /* Debug */,
				DF0D6F1129C329AE0031DB04 /* Release */,
			);
			defaultConfigurationIsVisible = 0;
			defaultConfigurationName = Release;
		};
		DF0D6F1229C329AE0031DB04 /* Build configuration list for PBXNativeTarget "SpeedCubingTimerUITests" */ = {
			isa = XCConfigurationList;
			buildConfigurations = (
				DF0D6F1329C329AE0031DB04 /* Debug */,
				DF0D6F1429C329AE0031DB04 /* Release */,
			);
			defaultConfigurationIsVisible = 0;
			defaultConfigurationName = Release;
		};
/* End XCConfigurationList section */
	};
	rootObject = DF0D6EDA29C329AD0031DB04 /* Project object */;
}
